
Microsoft Visual Studio Solution File, Format Version 12.00
# Visual Studio Version 17
VisualStudioVersion = 17.2.32630.192
MinimumVisualStudioVersion = 10.0.40219.1
Project("{9A19103F-16F7-4668-BE54-9A1E7A4F7556}") = "DinkumBetterDigSpotting", "DinkumBetterDigSpotting.csproj", "{A224A1AF-C890-4A5A-85A1-C827A0DFD20E}"
EndProject
Global
	GlobalSection(SolutionConfigurationPlatforms) = preSolution
		Debug|Any CPU = Debug|Any CPU
		Release|Any CPU = Release|Any CPU
	EndGlobalSection
	GlobalSection(ProjectConfigurationPlatforms) = postSolution
		{A224A1AF-C890-4A5A-85A1-C827A0DFD20E}.Debug|Any CPU.ActiveCfg = Debug|Any CPU
		{A224A1AF-C890-4A5A-85A1-C827A0DFD20E}.Debug|Any CPU.Build.0 = Debug|Any CPU
		{A224A1AF-C890-4A5A-85A1-C827A0DFD20E}.Release|Any CPU.ActiveCfg = Release|Any CPU
		{A224A1AF-C890-4A5A-85A1-C827A0DFD20E}.Release|Any CPU.Build.0 = Release|Any CPU
	EndGlobalSection
	GlobalSection(SolutionProperties) = preSolution
		HideSolutionNode = FALSE
	EndGlobalSection
	GlobalSection(ExtensibilityGlobals) = postSolution
		SolutionGuid = {05B51D1F-99D1-4722-A907-3CEB0F8130CF}
	EndGlobalSection
EndGlobal
